
Microsoft Visual Studio Solution File, Format Version 12.00
# Visual Studio Version 17
VisualStudioVersion = 17.5.33627.172
MinimumVisualStudioVersion = 10.0.40219.1
Project("{8BC9CEB8-8B4A-11D0-8D11-00A0C91BC942}") = "HighOctane_CustomEngine", "HighOctane_CustomEngine\HighOctane_CustomEngine.vcxproj", "{AA5E8526-B6B8-4766-9C03-4990CD104C45}"
EndProject
Project("{9A19103F-16F7-4668-BE54-9A1E7A4F7556}") = "HighOctane_CSharpScript", "HighOctane_CSharpScript\HighOctane_CSharpScript.csproj", "{B41B31AB-AD38-4562-8771-4C8513D72382}"
EndProject
Project("{8BC9CEB8-8B4A-11D0-8D11-00A0C91BC942}") = "HighOctane_LevelEditor", "HighOctane_LevelEditor\HighOctane_LevelEditor.vcxproj", "{E50607B7-7B33-4DDE-9869-9A1AE9FE33B8}"
EndProject
Project("{8BC9CEB8-8B4A-11D0-8D11-00A0C91BC942}") = "HighOctane_Main", "HighOctane_Main\HighOctane_Main.vcxproj", "{E6DCB352-A4E0-4C60-8E47-1FF9F6DB7C16}"
EndProject
Global
	GlobalSection(SolutionConfigurationPlatforms) = preSolution
		Debug|Any CPU = Debug|Any CPU
		Debug|x64 = Debug|x64
		Debug|x86 = Debug|x86
		Release|Any CPU = Release|Any CPU
		Release|x64 = Release|x64
		Release|x86 = Release|x86
	EndGlobalSection
	GlobalSection(ProjectConfigurationPlatforms) = postSolution
		{AA5E8526-B6B8-4766-9C03-4990CD104C45}.Debug|Any CPU.ActiveCfg = Debug|x64
		{AA5E8526-B6B8-4766-9C03-4990CD104C45}.Debug|Any CPU.Build.0 = Debug|x64
		{AA5E8526-B6B8-4766-9C03-4990CD104C45}.Debug|x64.ActiveCfg = Debug|x64
		{AA5E8526-B6B8-4766-9C03-4990CD104C45}.Debug|x64.Build.0 = Debug|x64
		{AA5E8526-B6B8-4766-9C03-4990CD104C45}.Debug|x86.ActiveCfg = Debug|Win32
		{AA5E8526-B6B8-4766-9C03-4990CD104C45}.Debug|x86.Build.0 = Debug|Win32
		{AA5E8526-B6B8-4766-9C03-4990CD104C45}.Release|Any CPU.ActiveCfg = Release|x64
		{AA5E8526-B6B8-4766-9C03-4990CD104C45}.Release|Any CPU.Build.0 = Release|x64
		{AA5E8526-B6B8-4766-9C03-4990CD104C45}.Release|x64.ActiveCfg = Release|x64
		{AA5E8526-B6B8-4766-9C03-4990CD104C45}.Release|x64.Build.0 = Release|x64
		{AA5E8526-B6B8-4766-9C03-4990CD104C45}.Release|x86.ActiveCfg = Release|Win32
		{AA5E8526-B6B8-4766-9C03-4990CD104C45}.Release|x86.Build.0 = Release|Win32
		{B41B31AB-AD38-4562-8771-4C8513D72382}.Debug|Any CPU.ActiveCfg = Debug|Any CPU
		{B41B31AB-AD38-4562-8771-4C8513D72382}.Debug|Any CPU.Build.0 = Debug|Any CPU
		{B41B31AB-AD38-4562-8771-4C8513D72382}.Debug|x64.ActiveCfg = Debug|Any CPU
		{B41B31AB-AD38-4562-8771-4C8513D72382}.Debug|x64.Build.0 = Debug|Any CPU
		{B41B31AB-AD38-4562-8771-4C8513D72382}.Debug|x86.ActiveCfg = Debug|Any CPU
		{B41B31AB-AD38-4562-8771-4C8513D72382}.Debug|x86.Build.0 = Debug|Any CPU
		{B41B31AB-AD38-4562-8771-4C8513D72382}.Release|Any CPU.ActiveCfg = Release|Any CPU
		{B41B31AB-AD38-4562-8771-4C8513D72382}.Release|Any CPU.Build.0 = Release|Any CPU
		{B41B31AB-AD38-4562-8771-4C8513D72382}.Release|x64.ActiveCfg = Release|Any CPU
		{B41B31AB-AD38-4562-8771-4C8513D72382}.Release|x64.Build.0 = Release|Any CPU
		{B41B31AB-AD38-4562-8771-4C8513D72382}.Release|x86.ActiveCfg = Release|Any CPU
		{B41B31AB-AD38-4562-8771-4C8513D72382}.Release|x86.Build.0 = Release|Any CPU
		{E50607B7-7B33-4DDE-9869-9A1AE9FE33B8}.Debug|Any CPU.ActiveCfg = Debug|x64
		{E50607B7-7B33-4DDE-9869-9A1AE9FE33B8}.Debug|Any CPU.Build.0 = Debug|x64
		{E50607B7-7B33-4DDE-9869-9A1AE9FE33B8}.Debug|x64.ActiveCfg = Debug|x64
		{E50607B7-7B33-4DDE-9869-9A1AE9FE33B8}.Debug|x64.Build.0 = Debug|x64
		{E50607B7-7B33-4DDE-9869-9A1AE9FE33B8}.Debug|x86.ActiveCfg = Debug|Win32
		{E50607B7-7B33-4DDE-9869-9A1AE9FE33B8}.Debug|x86.Build.0 = Debug|Win32
		{E50607B7-7B33-4DDE-9869-9A1AE9FE33B8}.Release|Any CPU.ActiveCfg = Release|x64
		{E50607B7-7B33-4DDE-9869-9A1AE9FE33B8}.Release|Any CPU.Build.0 = Release|x64
		{E50607B7-7B33-4DDE-9869-9A1AE9FE33B8}.Release|x64.ActiveCfg = Release|x64
		{E50607B7-7B33-4DDE-9869-9A1AE9FE33B8}.Release|x64.Build.0 = Release|x64
		{E50607B7-7B33-4DDE-9869-9A1AE9FE33B8}.Release|x86.ActiveCfg = Release|Win32
		{E50607B7-7B33-4DDE-9869-9A1AE9FE33B8}.Release|x86.Build.0 = Release|Win32
		{E6DCB352-A4E0-4C60-8E47-1FF9F6DB7C16}.Debug|Any CPU.ActiveCfg = Debug|x64
		{E6DCB352-A4E0-4C60-8E47-1FF9F6DB7C16}.Debug|Any CPU.Build.0 = Debug|x64
		{E6DCB352-A4E0-4C60-8E47-1FF9F6DB7C16}.Debug|x64.ActiveCfg = Debug|x64
		{E6DCB352-A4E0-4C60-8E47-1FF9F6DB7C16}.Debug|x64.Build.0 = Debug|x64
		{E6DCB352-A4E0-4C60-8E47-1FF9F6DB7C16}.Debug|x86.ActiveCfg = Debug|Win32
		{E6DCB352-A4E0-4C60-8E47-1FF9F6DB7C16}.Debug|x86.Build.0 = Debug|Win32
		{E6DCB352-A4E0-4C60-8E47-1FF9F6DB7C16}.Release|Any CPU.ActiveCfg = Release|x64
		{E6DCB352-A4E0-4C60-8E47-1FF9F6DB7C16}.Release|Any CPU.Build.0 = Release|x64
		{E6DCB352-A4E0-4C60-8E47-1FF9F6DB7C16}.Release|x64.ActiveCfg = Release|x64
		{E6DCB352-A4E0-4C60-8E47-1FF9F6DB7C16}.Release|x64.Build.0 = Release|x64
		{E6DCB352-A4E0-4C60-8E47-1FF9F6DB7C16}.Release|x86.ActiveCfg = Release|Win32
		{E6DCB352-A4E0-4C60-8E47-1FF9F6DB7C16}.Release|x86.Build.0 = Release|Win32
	EndGlobalSection
	GlobalSection(SolutionProperties) = preSolution
		HideSolutionNode = FALSE
	EndGlobalSection
	GlobalSection(ExtensibilityGlobals) = postSolution
		SolutionGuid = {5DEA1763-E250-4726-9762-A376DC44FDCE}
	EndGlobalSection
EndGlobal
