<?xml version="1.0" encoding="utf-8"?>
<Project ToolsVersion="4.0" xmlns="http://schemas.microsoft.com/developer/msbuild/2003">
  <ItemGroup>
    <Filter Include="Source Files">
      <UniqueIdentifier>{4FC737F1-C7A5-4376-A066-2A32D752A2FF}</UniqueIdentifier>
      <Extensions>cpp;c;cc;cxx;c++;cppm;ixx;def;odl;idl;hpj;bat;asm;asmx</Extensions>
    </Filter>
    <Filter Include="Header Files">
      <UniqueIdentifier>{93995380-89BD-4b04-88EB-625FBE52EBFB}</UniqueIdentifier>
      <Extensions>h;hh;hpp;hxx;h++;hm;inl;inc;ipp;xsd</Extensions>
    </Filter>
    <Filter Include="Resource Files">
      <UniqueIdentifier>{67DA6AB6-F800-4c08-8B7A-83BB121AAD01}</UniqueIdentifier>
      <Extensions>rc;ico;cur;bmp;dlg;rc2;rct;bin;rgs;gif;jpg;jpeg;jpe;resx;tiff;tif;png;wav;mfcribbon-ms</Extensions>
    </Filter>
    <Filter Include="Vendor">
      <UniqueIdentifier>{3efa2d97-9e05-4597-a29b-c0f52a2c6566}</UniqueIdentifier>
    </Filter>
  </ItemGroup>
  <ItemGroup>
    <ClCompile Include="ImGuiConsole.cpp">
      <Filter>Source Files</Filter>
    </ClCompile>
    <ClCompile Include="ImGuiEntitiesManager.cpp">
      <Filter>Source Files</Filter>
    </ClCompile>
    <ClCompile Include="ImGuiGraph.cpp">
      <Filter>Source Files</Filter>
    </ClCompile>
    <ClCompile Include="ImGuiPerformance.cpp">
      <Filter>Source Files</Filter>
    </ClCompile>
    <ClCompile Include="GUIManager.cpp">
      <Filter>Source Files</Filter>
    </ClCompile>
    <ClCompile Include="..\Extern\imgui-1.87\imgui.cpp">
      <Filter>Vendor</Filter>
    </ClCompile>
    <ClCompile Include="..\Extern\imgui-1.87\imgui_demo.cpp">
      <Filter>Vendor</Filter>
    </ClCompile>
    <ClCompile Include="..\Extern\imgui-1.87\imgui_draw.cpp">
      <Filter>Vendor</Filter>
    </ClCompile>
    <ClCompile Include="..\Extern\imgui-1.87\imgui_impl_glfw.cpp">
      <Filter>Vendor</Filter>
    </ClCompile>
    <ClCompile Include="..\Extern\imgui-1.87\imgui_impl_opengl3.cpp">
      <Filter>Vendor</Filter>
    </ClCompile>
    <ClCompile Include="..\Extern\imgui-1.87\imgui_tables.cpp">
      <Filter>Vendor</Filter>
    </ClCompile>
    <ClCompile Include="..\Extern\imgui-1.87\imgui_widgets.cpp">
      <Filter>Vendor</Filter>
    </ClCompile>
    <ClCompile Include="ImGuiPlayStop.cpp">
      <Filter>Source Files</Filter>
    </ClCompile>
    <ClCompile Include="ImGuiAssetLibrary.cpp">
      <Filter>Source Files</Filter>
    </ClCompile>
    <ClCompile Include="ImGuiMenuBar.cpp">
      <Filter>Source Files</Filter>
    </ClCompile>
    <ClCompile Include="ImGuiSceneHierarchy.cpp">
      <Filter>Source Files</Filter>
    </ClCompile>
    <ClCompile Include="ImGuiContentBrowser.cpp">
      <Filter>Source Files</Filter>
    </ClCompile>
    <ClCompile Include="..\Extern\imgui-1.87\misc\cpp\imgui_stdlib.cpp">
      <Filter>Vendor</Filter>
    </ClCompile>
    <ClCompile Include="ImGuiLayer.cpp">
      <Filter>Source Files</Filter>
    </ClCompile>
  </ItemGroup>
  <ItemGroup>
    <ClInclude Include="ImGuiConsole.h">
      <Filter>Header Files</Filter>
    </ClInclude>
    <ClInclude Include="ImGuiEntitiesManager.h">
      <Filter>Header Files</Filter>
    </ClInclude>
    <ClInclude Include="ImGuiGraph.h">
      <Filter>Header Files</Filter>
    </ClInclude>
    <ClInclude Include="ImGuiLib.h">
      <Filter>Header Files</Filter>
    </ClInclude>
    <ClInclude Include="ImGuiPerformance.h">
      <Filter>Header Files</Filter>
    </ClInclude>
    <ClInclude Include="GUIManager.h">
      <Filter>Header Files</Filter>
    </ClInclude>
    <ClInclude Include="..\Extern\imgui-1.87\glfw3.h">
      <Filter>Vendor</Filter>
    </ClInclude>
    <ClInclude Include="..\Extern\imgui-1.87\glfw3native.h">
      <Filter>Vendor</Filter>
    </ClInclude>
    <ClInclude Include="..\Extern\imgui-1.87\imconfig.h">
      <Filter>Vendor</Filter>
    </ClInclude>
    <ClInclude Include="..\Extern\imgui-1.87\imgui.h">
      <Filter>Vendor</Filter>
    </ClInclude>
    <ClInclude Include="..\Extern\imgui-1.87\imgui_impl_glfw.h">
      <Filter>Vendor</Filter>
    </ClInclude>
    <ClInclude Include="..\Extern\imgui-1.87\imgui_impl_opengl3.h">
      <Filter>Vendor</Filter>
    </ClInclude>
    <ClInclude Include="..\Extern\imgui-1.87\imgui_impl_opengl3_loader.h">
      <Filter>Vendor</Filter>
    </ClInclude>
    <ClInclude Include="..\Extern\imgui-1.87\imgui_internal.h">
      <Filter>Vendor</Filter>
    </ClInclude>
    <ClInclude Include="..\Extern\imgui-1.87\imstb_rectpack.h">
      <Filter>Vendor</Filter>
    </ClInclude>
    <ClInclude Include="..\Extern\imgui-1.87\imstb_textedit.h">
      <Filter>Vendor</Filter>
    </ClInclude>
    <ClInclude Include="..\Extern\imgui-1.87\imstb_truetype.h">
      <Filter>Vendor</Filter>
    </ClInclude>
    <ClInclude Include="ImGuiPlayStop.h">
      <Filter>Header Files</Filter>
    </ClInclude>
    <ClInclude Include="ImGuiAssetLibrary.h">
      <Filter>Header Files</Filter>
    </ClInclude>
    <ClInclude Include="ImGuiMenuBar.h">
      <Filter>Header Files</Filter>
    </ClInclude>
    <ClInclude Include="ImGuiSceneHierarchy.h">
      <Filter>Header Files</Filter>
    </ClInclude>
    <ClInclude Include="ImGuiContentBrowser.h">
      <Filter>Header Files</Filter>
    </ClInclude>
    <ClInclude Include="..\Extern\imgui-1.87\misc\cpp\imgui_stdlib.h">
      <Filter>Vendor</Filter>
    </ClInclude>
    <ClInclude Include="ImGuiLayer.h">
      <Filter>Header Files</Filter>
    </ClInclude>
  </ItemGroup>
</Project>