<?xml version="1.0" encoding="utf-8"?>
<Project ToolsVersion="4.0" xmlns="http://schemas.microsoft.com/developer/msbuild/2003">
  <ItemGroup>
    <Filter Include="Resource Files">
      <UniqueIdentifier>{67DA6AB6-F800-4c08-8B7A-83BB121AAD01}</UniqueIdentifier>
      <Extensions>rc;ico;cur;bmp;dlg;rc2;rct;bin;rgs;gif;jpg;jpeg;jpe;resx;tiff;tif;png;wav;mfcribbon-ms</Extensions>
    </Filter>
    <Filter Include="Debug">
      <UniqueIdentifier>{cfa50472-e1f5-4a19-867d-659604c30d43}</UniqueIdentifier>
    </Filter>
    <Filter Include="EngineArchitecture">
      <UniqueIdentifier>{593ef4db-c246-4cf2-a48a-5ed5978a9798}</UniqueIdentifier>
    </Filter>
    <Filter Include="Graphics">
      <UniqueIdentifier>{4ea7567e-8477-46e5-a4bc-6d9e19cc4621}</UniqueIdentifier>
    </Filter>
    <Filter Include="Input">
      <UniqueIdentifier>{fe79d690-9b36-4c00-b2a0-19db528c224a}</UniqueIdentifier>
    </Filter>
    <Filter Include="Math">
      <UniqueIdentifier>{08dfa90f-38db-43b6-b5bc-86e3f0ed33bf}</UniqueIdentifier>
    </Filter>
    <Filter Include="Physics">
      <UniqueIdentifier>{55484882-0643-4957-833c-469c10b928af}</UniqueIdentifier>
    </Filter>
    <Filter Include="Headers">
      <UniqueIdentifier>{93995380-89BD-4b04-88EB-625FBE52EBFB}</UniqueIdentifier>
      <Extensions>h;hh;hpp;hxx;h++;hm;inl;inc;ipp;xsd</Extensions>
    </Filter>
    <Filter Include="Serialization">
      <UniqueIdentifier>{2aa6d306-c376-4906-a9c2-d1ed9a85d4a7}</UniqueIdentifier>
    </Filter>
    <Filter Include="File">
      <UniqueIdentifier>{0ea2baaa-0796-4b0d-8400-6baeaae4ad96}</UniqueIdentifier>
    </Filter>
    <Filter Include="ImGui">
      <UniqueIdentifier>{11604d9b-055c-49fe-8915-7e618d4eba4f}</UniqueIdentifier>
    </Filter>
  </ItemGroup>
  <ItemGroup>
    <ClInclude Include="framework.h">
      <Filter>Headers</Filter>
    </ClInclude>
    <ClInclude Include="targetver.h">
      <Filter>Headers</Filter>
    </ClInclude>
    <ClInclude Include="Resource.h">
      <Filter>Headers</Filter>
    </ClInclude>
    <ClInclude Include="commonheaderfilelist.h">
      <Filter>Headers</Filter>
    </ClInclude>
    <ClInclude Include="EntityFactory.h">
      <Filter>EngineArchitecture</Filter>
    </ClInclude>
    <ClInclude Include="gamestatemanager.h">
      <Filter>EngineArchitecture</Filter>
    </ClInclude>
    <ClInclude Include="graphics.h">
      <Filter>Graphics</Filter>
    </ClInclude>
    <ClInclude Include="model.h">
      <Filter>Graphics</Filter>
    </ClInclude>
    <ClInclude Include="shaders.h">
      <Filter>Graphics</Filter>
    </ClInclude>
    <ClInclude Include="input.h">
      <Filter>Input</Filter>
    </ClInclude>
    <ClInclude Include="mmath.h">
      <Filter>Math</Filter>
    </ClInclude>
    <ClInclude Include="vmath.h">
      <Filter>Math</Filter>
    </ClInclude>
    <ClInclude Include="physics.h">
      <Filter>Physics</Filter>
    </ClInclude>
    <ClInclude Include="collision.h">
      <Filter>Physics</Filter>
    </ClInclude>
    <ClInclude Include="texture.h">
      <Filter>Graphics</Filter>
    </ClInclude>
    <ClInclude Include="graphlib.h">
      <Filter>Graphics</Filter>
    </ClInclude>
    <ClInclude Include="DebugDiagnostic.h">
      <Filter>Debug</Filter>
    </ClInclude>
    <ClInclude Include="DebugLog.h">
      <Filter>Debug</Filter>
    </ClInclude>
    <ClInclude Include="EngineCore.h">
      <Filter>EngineArchitecture</Filter>
    </ClInclude>
    <ClInclude Include="ECS.h">
      <Filter>EngineArchitecture</Filter>
    </ClInclude>
    <ClInclude Include="Message.h">
      <Filter>EngineArchitecture</Filter>
    </ClInclude>
    <ClInclude Include="System.h">
      <Filter>EngineArchitecture</Filter>
    </ClInclude>
    <ClInclude Include="ZodiaClash.h" />
    <ClInclude Include="Movement.h">
      <Filter>Physics</Filter>
    </ClInclude>
    <ClInclude Include="Body.h">
      <Filter>Physics</Filter>
    </ClInclude>
    <ClInclude Include="Serialization.h">
      <Filter>Serialization</Filter>
    </ClInclude>
    <ClInclude Include="File.h">
      <Filter>File</Filter>
    </ClInclude>
    <ClInclude Include="Components.h">
      <Filter>EngineArchitecture</Filter>
    </ClInclude>
    <ClInclude Include="..\Extern\imgui-1.87\glfw3.h">
      <Filter>Headers</Filter>
    </ClInclude>
    <ClInclude Include="..\Extern\imgui-1.87\glfw3native.h">
      <Filter>Headers</Filter>
    </ClInclude>
    <ClInclude Include="..\Extern\imgui-1.87\imgui.h">
      <Filter>Headers</Filter>
    </ClInclude>
    <ClInclude Include="..\Extern\imgui-1.87\imgui_impl_glfw.h">
      <Filter>Headers</Filter>
    </ClInclude>
    <ClInclude Include="..\Extern\imgui-1.87\imgui_impl_opengl3.h">
      <Filter>Headers</Filter>
    </ClInclude>
    <ClInclude Include="..\Extern\imgui-1.87\imgui_impl_opengl3_loader.h">
      <Filter>Headers</Filter>
    </ClInclude>
    <ClInclude Include="..\Extern\imgui-1.87\imgui_internal.h">
      <Filter>Headers</Filter>
    </ClInclude>
    <ClInclude Include="..\Extern\imgui-1.87\imstb_rectpack.h">
      <Filter>Headers</Filter>
    </ClInclude>
    <ClInclude Include="..\Extern\imgui-1.87\imstb_textedit.h">
      <Filter>Headers</Filter>
    </ClInclude>
    <ClInclude Include="..\Extern\imgui-1.87\imstb_truetype.h">
      <Filter>Headers</Filter>
    </ClInclude>
    <ClInclude Include="DebugProfile.h">
      <Filter>Headers</Filter>
    </ClInclude>
    <ClInclude Include="ImGuiLib.h">
      <Filter>ImGui</Filter>
    </ClInclude>
    <ClInclude Include="GUIManager.h">
      <Filter>ImGui</Filter>
    </ClInclude>
    <ClInclude Include="AudioManager.h">
      <Filter>Headers</Filter>
    </ClInclude>
    <ClInclude Include="GraphicConstants.h">
      <Filter>Graphics</Filter>
    </ClInclude>
    <ClInclude Include="Renderer.h">
      <Filter>Graphics</Filter>
    </ClInclude>
  </ItemGroup>
  <ItemGroup>
    <ClCompile Include="mmath.cpp">
      <Filter>Math</Filter>
    </ClCompile>
    <ClCompile Include="physics.cpp">
      <Filter>Physics</Filter>
    </ClCompile>
    <ClCompile Include="vmath.cpp">
      <Filter>Math</Filter>
    </ClCompile>
    <ClCompile Include="EntityFactory.cpp">
      <Filter>EngineArchitecture</Filter>
    </ClCompile>
    <ClCompile Include="gamestatemanager.cpp">
      <Filter>EngineArchitecture</Filter>
    </ClCompile>
    <ClCompile Include="graphics.cpp">
      <Filter>Graphics</Filter>
    </ClCompile>
    <ClCompile Include="input.cpp">
      <Filter>Input</Filter>
    </ClCompile>
    <ClCompile Include="shaders.cpp">
      <Filter>Graphics</Filter>
    </ClCompile>
    <ClCompile Include="model.cpp">
      <Filter>Graphics</Filter>
    </ClCompile>
    <ClCompile Include="collision.cpp">
      <Filter>Physics</Filter>
    </ClCompile>
    <ClCompile Include="ZodiaClash.cpp" />
    <ClCompile Include="texture.cpp">
      <Filter>Graphics</Filter>
    </ClCompile>
    <ClCompile Include="DebugDiagnostic.cpp">
      <Filter>Debug</Filter>
    </ClCompile>
    <ClCompile Include="DebugLog.cpp">
      <Filter>Debug</Filter>
    </ClCompile>
    <ClCompile Include="ECS.cpp">
      <Filter>EngineArchitecture</Filter>
    </ClCompile>
    <ClCompile Include="EngineCore.cpp">
      <Filter>EngineArchitecture</Filter>
    </ClCompile>
    <ClCompile Include="Message.cpp">
      <Filter>EngineArchitecture</Filter>
    </ClCompile>
    <ClCompile Include="Movement.cpp">
      <Filter>Physics</Filter>
    </ClCompile>
    <ClCompile Include="Systems.cpp">
      <Filter>EngineArchitecture</Filter>
    </ClCompile>
    <ClCompile Include="Body.cpp">
      <Filter>Physics</Filter>
    </ClCompile>
    <ClCompile Include="Serialization.cpp">
      <Filter>Serialization</Filter>
    </ClCompile>
    <ClCompile Include="File.cpp">
      <Filter>File</Filter>
    </ClCompile>
    <ClCompile Include="DebugProfile.cpp" />
    <ClCompile Include="GUIManager.cpp">
      <Filter>ImGui</Filter>
    </ClCompile>
    <ClCompile Include="..\Extern\imgui-1.87\imgui.cpp">
      <Filter>ImGui</Filter>
    </ClCompile>
    <ClCompile Include="..\Extern\imgui-1.87\imgui_demo.cpp">
      <Filter>ImGui</Filter>
    </ClCompile>
    <ClCompile Include="..\Extern\imgui-1.87\imgui_draw.cpp">
      <Filter>ImGui</Filter>
    </ClCompile>
    <ClCompile Include="..\Extern\imgui-1.87\imgui_impl_glfw.cpp">
      <Filter>ImGui</Filter>
    </ClCompile>
    <ClCompile Include="..\Extern\imgui-1.87\imgui_impl_opengl3.cpp">
      <Filter>ImGui</Filter>
    </ClCompile>
    <ClCompile Include="..\Extern\imgui-1.87\imgui_tables.cpp">
      <Filter>ImGui</Filter>
    </ClCompile>
    <ClCompile Include="..\Extern\imgui-1.87\imgui_widgets.cpp">
      <Filter>ImGui</Filter>
    </ClCompile>
    <ClCompile Include="AudioManager.cpp" />
    <ClCompile Include="Renderer.cpp">
      <Filter>Graphics</Filter>
    </ClCompile>
  </ItemGroup>
  <ItemGroup>
    <ResourceCompile Include="ZodiaClash.rc">
      <Filter>Resource Files</Filter>
    </ResourceCompile>
  </ItemGroup>
  <ItemGroup>
    <Image Include="small.ico">
      <Filter>Resource Files</Filter>
    </Image>
    <Image Include="ZodiaClash.ico">
      <Filter>Resource Files</Filter>
    </Image>
  </ItemGroup>
  <ItemGroup>
    <None Include="ECS.t">
      <Filter>EngineArchitecture</Filter>
    </None>
  </ItemGroup>
</Project>