<?xml version="1.0" encoding="utf-8"?>
<Project ToolsVersion="4.0" xmlns="http://schemas.microsoft.com/developer/msbuild/2003">
  <ItemGroup>
    <ClCompile Include="collision.cpp" />
    <ClCompile Include="ecsfactory.cpp" />
    <ClCompile Include="enginecore.cpp" />
    <ClCompile Include="factory.cpp" />
    <ClCompile Include="frameratecontroller.cpp" />
    <ClCompile Include="gamestatemanager.cpp" />
    <ClCompile Include="graphics.cpp" />
    <ClCompile Include="input.cpp" />
    <ClCompile Include="mmath.cpp" />
    <ClCompile Include="model.cpp" />
    <ClCompile Include="shaders.cpp" />
    <ClCompile Include="vmath.cpp" />
    <ClCompile Include="physics.cpp" />
    <ClCompile Include="ZodiaClash.cpp" />
    <ClCompile Include="message.cpp" />
    <ClCompile Include="debugdiagnostic.cpp" />
    <ClCompile Include="debuglog.cpp" />
  </ItemGroup>
  <ItemGroup>
    <ClInclude Include="collision.h" />
    <ClInclude Include="debugdiagnostic.h" />
    <ClInclude Include="debuglog.h" />
    <ClInclude Include="frameratecontroller.h" />
    <ClInclude Include="framework.h" />
    <ClInclude Include="gamestatemanager.h" />
    <ClInclude Include="commonheaderfilelist.h" />
    <ClInclude Include="graphics.h" />
    <ClInclude Include="input.h" />
    <ClInclude Include="mmath.h" />
    <ClInclude Include="model.h" />
    <ClInclude Include="physics.h" />
    <ClInclude Include="Resource.h" />
    <ClInclude Include="shaders.h" />
    <ClInclude Include="targetver.h" />
    <ClInclude Include="vmath.h" />
    <ClInclude Include="ZodiaClash.h" />
  </ItemGroup>
  <ItemGroup>
    <ClCompile Include="mmath.cpp">
      <Filter>Math</Filter>
    </ClCompile>
    <ClCompile Include="physics.cpp">
      <Filter>Physics</Filter>
    </ClCompile>
    <ClCompile Include="vmath.cpp">
      <Filter>Math</Filter>
    </ClCompile>
    <ClCompile Include="frameratecontroller.cpp">
      <Filter>EngineArchitecture</Filter>
    </ClCompile>
    <ClCompile Include="gamestatemanager.cpp">
      <Filter>EngineArchitecture</Filter>
    </ClCompile>
    <ClCompile Include="graphics.cpp">
      <Filter>Graphics</Filter>
    </ClCompile>
    <ClCompile Include="input.cpp">
      <Filter>Input</Filter>
    </ClCompile>
    <ClCompile Include="shaders.cpp">
      <Filter>Graphics</Filter>
    </ClCompile>
    <ClCompile Include="model.cpp">
      <Filter>Graphics</Filter>
    </ClCompile>
    <ClCompile Include="collision.cpp">
      <Filter>Physics</Filter>
    </ClCompile>
    <ClCompile Include="ZodiaClash.cpp" />
    <ClInclude Include="collision.h" />
    <ClInclude Include="ecsfactory.h" />
    <ClInclude Include="enginecore.h" />
    <ClInclude Include="factory.h" />
    <ClInclude Include="frameratecontroller.h" />
    <ClInclude Include="framework.h" />
    <ClInclude Include="gamestatemanager.h" />
    <ClInclude Include="commonheaderfilelist.h" />
    <ClInclude Include="graphics.h" />
    <ClInclude Include="input.h" />
    <ClInclude Include="message.h" />
    <ClInclude Include="mmath.h" />
    <ClInclude Include="model.h" />
    <ClInclude Include="physics.h" />
    <ClInclude Include="Resource.h" />
    <ClInclude Include="shaders.h" />
    <ClInclude Include="system.h" />
    <ClInclude Include="targetver.h" />
    <ClInclude Include="vmath.h" />
    <ClInclude Include="ZodiaClash.h" />
  </ItemGroup>
  <ItemGroup>
    <ResourceCompile Include="ZodiaClash.rc" />
  </ItemGroup>
  <ItemGroup>
    <Image Include="small.ico" />
    <Image Include="ZodiaClash.ico" />
  </ItemGroup>
</Project>